
Microsoft Visual Studio Solution File, Format Version 12.00
# Visual Studio 15
VisualStudioVersion = 15.0.28307.2017
MinimumVisualStudioVersion = 10.0.40219.1
Project("{FAE04EC0-301F-11D3-BF4B-00C04F79EFBC}") = "Docentes", "Docentes\Docentes.csproj", "{20ED093A-A42A-466D-9C94-212C3EFD9276}"
EndProject
Global
	GlobalSection(SolutionConfigurationPlatforms) = preSolution
		Debug|Any CPU = Debug|Any CPU
		Release|Any CPU = Release|Any CPU
	EndGlobalSection
	GlobalSection(ProjectConfigurationPlatforms) = postSolution
		{20ED093A-A42A-466D-9C94-212C3EFD9276}.Debug|Any CPU.ActiveCfg = Debug|Any CPU
		{20ED093A-A42A-466D-9C94-212C3EFD9276}.Debug|Any CPU.Build.0 = Debug|Any CPU
		{20ED093A-A42A-466D-9C94-212C3EFD9276}.Release|Any CPU.ActiveCfg = Release|Any CPU
		{20ED093A-A42A-466D-9C94-212C3EFD9276}.Release|Any CPU.Build.0 = Release|Any CPU
	EndGlobalSection
	GlobalSection(SolutionProperties) = preSolution
		HideSolutionNode = FALSE
	EndGlobalSection
	GlobalSection(ExtensibilityGlobals) = postSolution
		SolutionGuid = {CF279255-BBCF-4AA0-A30E-AB2148992F7D}
	EndGlobalSection
EndGlobal
